
Microsoft Visual Studio Solution File, Format Version 12.00
# Visual Studio 15
VisualStudioVersion = 15.0.27130.2036
MinimumVisualStudioVersion = 10.0.40219.1
Project("{FAE04EC0-301F-11D3-BF4B-00C04F79EFBC}") = "NameSearch", "NameSearch\NameSearch.csproj", "{FEF7CC25-D825-48F4-9DCC-D6F84F66F166}"
EndProject
Project("{FAE04EC0-301F-11D3-BF4B-00C04F79EFBC}") = "NameSearchUnitTests", "NameSearchUnitTests\NameSearchUnitTests.csproj", "{027512C9-2584-4151-A3F5-8DA55386E0E3}"
EndProject
Global
	GlobalSection(SolutionConfigurationPlatforms) = preSolution
		Debug|Any CPU = Debug|Any CPU
		Release|Any CPU = Release|Any CPU
	EndGlobalSection
	GlobalSection(ProjectConfigurationPlatforms) = postSolution
		{FEF7CC25-D825-48F4-9DCC-D6F84F66F166}.Debug|Any CPU.ActiveCfg = Debug|Any CPU
		{FEF7CC25-D825-48F4-9DCC-D6F84F66F166}.Debug|Any CPU.Build.0 = Debug|Any CPU
		{FEF7CC25-D825-48F4-9DCC-D6F84F66F166}.Release|Any CPU.ActiveCfg = Release|Any CPU
		{FEF7CC25-D825-48F4-9DCC-D6F84F66F166}.Release|Any CPU.Build.0 = Release|Any CPU
		{027512C9-2584-4151-A3F5-8DA55386E0E3}.Debug|Any CPU.ActiveCfg = Debug|Any CPU
		{027512C9-2584-4151-A3F5-8DA55386E0E3}.Debug|Any CPU.Build.0 = Debug|Any CPU
		{027512C9-2584-4151-A3F5-8DA55386E0E3}.Release|Any CPU.ActiveCfg = Release|Any CPU
		{027512C9-2584-4151-A3F5-8DA55386E0E3}.Release|Any CPU.Build.0 = Release|Any CPU
	EndGlobalSection
	GlobalSection(SolutionProperties) = preSolution
		HideSolutionNode = FALSE
	EndGlobalSection
	GlobalSection(ExtensibilityGlobals) = postSolution
		SolutionGuid = {1A4FFBCB-B9B9-4BAC-97AD-C0EAF92AD1ED}
	EndGlobalSection
	GlobalSection(TeamFoundationVersionControl) = preSolution
		SccNumberOfProjects = 3
		SccEnterpriseProvider = {4CA58AB2-18FA-4F8D-95D4-32DDF27D184C}
		SccTeamFoundationServer = https://jasonsingh.visualstudio.com/defaultcollection
		SccLocalPath0 = .
		SccProjectUniqueName1 = NameSearch\\NameSearch.csproj
		SccProjectName1 = NameSearch
		SccLocalPath1 = NameSearch
		SccProjectUniqueName2 = NameSearchUnitTests\\NameSearchUnitTests.csproj
		SccProjectName2 = NameSearchUnitTests
		SccLocalPath2 = NameSearchUnitTests
	EndGlobalSection
EndGlobal
